// !$*UTF8*$!
{
	archiveVersion = 1;
	classes = {
	};
	objectVersion = 46;
	objects = {

/* Begin PBXBuildFile section */
		7F9B02FD195E2653005ECBA0 /* Foundation.framework in Frameworks */ = {isa = PBXBuildFile; fileRef = 7F9B02FC195E2653005ECBA0 /* Foundation.framework */; };
		7F9B02FF195E2653005ECBA0 /* CoreGraphics.framework in Frameworks */ = {isa = PBXBuildFile; fileRef = 7F9B02FE195E2653005ECBA0 /* CoreGraphics.framework */; };
		7F9B0301195E2653005ECBA0 /* UIKit.framework in Frameworks */ = {isa = PBXBuildFile; fileRef = 7F9B0300195E2653005ECBA0 /* UIKit.framework */; };
		7F9B0307195E2653005ECBA0 /* InfoPlist.strings in Resources */ = {isa = PBXBuildFile; fileRef = 7F9B0305195E2653005ECBA0 /* InfoPlist.strings */; };
		7F9B0309195E2653005ECBA0 /* main.m in Sources */ = {isa = PBXBuildFile; fileRef = 7F9B0308195E2653005ECBA0 /* main.m */; };
		7F9B030D195E2653005ECBA0 /* BananaAppDelegate.m in Sources */ = {isa = PBXBuildFile; fileRef = 7F9B030C195E2653005ECBA0 /* BananaAppDelegate.m */; };
		7F9B0310195E2653005ECBA0 /* Main.storyboard in Resources */ = {isa = PBXBuildFile; fileRef = 7F9B030E195E2653005ECBA0 /* Main.storyboard */; };
		7F9B0313195E2653005ECBA0 /* BananaViewController.m in Sources */ = {isa = PBXBuildFile; fileRef = 7F9B0312195E2653005ECBA0 /* BananaViewController.m */; };
		7F9B0315195E2653005ECBA0 /* Images.xcassets in Resources */ = {isa = PBXBuildFile; fileRef = 7F9B0314195E2653005ECBA0 /* Images.xcassets */; };
		7F9B031C195E2653005ECBA0 /* XCTest.framework in Frameworks */ = {isa = PBXBuildFile; fileRef = 7F9B031B195E2653005ECBA0 /* XCTest.framework */; };
		7F9B031D195E2653005ECBA0 /* Foundation.framework in Frameworks */ = {isa = PBXBuildFile; fileRef = 7F9B02FC195E2653005ECBA0 /* Foundation.framework */; };
		7F9B031E195E2653005ECBA0 /* UIKit.framework in Frameworks */ = {isa = PBXBuildFile; fileRef = 7F9B0300195E2653005ECBA0 /* UIKit.framework */; };
		7F9B0326195E2653005ECBA0 /* InfoPlist.strings in Resources */ = {isa = PBXBuildFile; fileRef = 7F9B0324195E2653005ECBA0 /* InfoPlist.strings */; };
		7F9B0328195E2653005ECBA0 /* TouchExampleTests.m in Sources */ = {isa = PBXBuildFile; fileRef = 7F9B0327195E2653005ECBA0 /* TouchExampleTests.m */; };
/* End PBXBuildFile section */

/* Begin PBXContainerItemProxy section */
		7F9B031F195E2653005ECBA0 /* PBXContainerItemProxy */ = {
			isa = PBXContainerItemProxy;
			containerPortal = 7F9B02F1195E2653005ECBA0 /* Project object */;
			proxyType = 1;
			remoteGlobalIDString = 7F9B02F8195E2653005ECBA0;
			remoteInfo = TouchExample;
		};
/* End PBXContainerItemProxy section */

/* Begin PBXFileReference section */
		7F9B02F9195E2653005ECBA0 /* TouchExample.app */ = {isa = PBXFileReference; explicitFileType = wrapper.application; includeInIndex = 0; path = TouchExample.app; sourceTree = BUILT_PRODUCTS_DIR; };
		7F9B02FC195E2653005ECBA0 /* Foundation.framework */ = {isa = PBXFileReference; lastKnownFileType = wrapper.framework; name = Foundation.framework; path = System/Library/Frameworks/Foundation.framework; sourceTree = SDKROOT; };
		7F9B02FE195E2653005ECBA0 /* CoreGraphics.framework */ = {isa = PBXFileReference; lastKnownFileType = wrapper.framework; name = CoreGraphics.framework; path = System/Library/Frameworks/CoreGraphics.framework; sourceTree = SDKROOT; };
		7F9B0300195E2653005ECBA0 /* UIKit.framework */ = {isa = PBXFileReference; lastKnownFileType = wrapper.framework; name = UIKit.framework; path = System/Library/Frameworks/UIKit.framework; sourceTree = SDKROOT; };
		7F9B0304195E2653005ECBA0 /* TouchExample-Info.plist */ = {isa = PBXFileReference; lastKnownFileType = text.plist.xml; path = "TouchExample-Info.plist"; sourceTree = "<group>"; };
		7F9B0306195E2653005ECBA0 /* en */ = {isa = PBXFileReference; lastKnownFileType = text.plist.strings; name = en; path = en.lproj/InfoPlist.strings; sourceTree = "<group>"; };
		7F9B0308195E2653005ECBA0 /* main.m */ = {isa = PBXFileReference; lastKnownFileType = sourcecode.c.objc; path = main.m; sourceTree = "<group>"; };
		7F9B030A195E2653005ECBA0 /* TouchExample-Prefix.pch */ = {isa = PBXFileReference; lastKnownFileType = sourcecode.c.h; path = "TouchExample-Prefix.pch"; sourceTree = "<group>"; };
		7F9B030B195E2653005ECBA0 /* BananaAppDelegate.h */ = {isa = PBXFileReference; lastKnownFileType = sourcecode.c.h; path = BananaAppDelegate.h; sourceTree = "<group>"; };
		7F9B030C195E2653005ECBA0 /* BananaAppDelegate.m */ = {isa = PBXFileReference; lastKnownFileType = sourcecode.c.objc; path = BananaAppDelegate.m; sourceTree = "<group>"; };
		7F9B030F195E2653005ECBA0 /* Base */ = {isa = PBXFileReference; lastKnownFileType = file.storyboard; name = Base; path = Base.lproj/Main.storyboard; sourceTree = "<group>"; };
		7F9B0311195E2653005ECBA0 /* BananaViewController.h */ = {isa = PBXFileReference; lastKnownFileType = sourcecode.c.h; path = BananaViewController.h; sourceTree = "<group>"; };
		7F9B0312195E2653005ECBA0 /* BananaViewController.m */ = {isa = PBXFileReference; lastKnownFileType = sourcecode.c.objc; path = BananaViewController.m; sourceTree = "<group>"; };
		7F9B0314195E2653005ECBA0 /* Images.xcassets */ = {isa = PBXFileReference; lastKnownFileType = folder.assetcatalog; path = Images.xcassets; sourceTree = "<group>"; };
		7F9B031A195E2653005ECBA0 /* TouchExampleTests.xctest */ = {isa = PBXFileReference; explicitFileType = wrapper.cfbundle; includeInIndex = 0; path = TouchExampleTests.xctest; sourceTree = BUILT_PRODUCTS_DIR; };
		7F9B031B195E2653005ECBA0 /* XCTest.framework */ = {isa = PBXFileReference; lastKnownFileType = wrapper.framework; name = XCTest.framework; path = Library/Frameworks/XCTest.framework; sourceTree = DEVELOPER_DIR; };
		7F9B0323195E2653005ECBA0 /* TouchExampleTests-Info.plist */ = {isa = PBXFileReference; lastKnownFileType = text.plist.xml; path = "TouchExampleTests-Info.plist"; sourceTree = "<group>"; };
		7F9B0325195E2653005ECBA0 /* en */ = {isa = PBXFileReference; lastKnownFileType = text.plist.strings; name = en; path = en.lproj/InfoPlist.strings; sourceTree = "<group>"; };
		7F9B0327195E2653005ECBA0 /* TouchExampleTests.m */ = {isa = PBXFileReference; lastKnownFileType = sourcecode.c.objc; path = TouchExampleTests.m; sourceTree = "<group>"; };
/* End PBXFileReference section */

/* Begin PBXFrameworksBuildPhase section */
		7F9B02F6195E2653005ECBA0 /* Frameworks */ = {
			isa = PBXFrameworksBuildPhase;
			buildActionMask = 2147483647;
			files = (
				7F9B02FF195E2653005ECBA0 /* CoreGraphics.framework in Frameworks */,
				7F9B0301195E2653005ECBA0 /* UIKit.framework in Frameworks */,
				7F9B02FD195E2653005ECBA0 /* Foundation.framework in Frameworks */,
			);
			runOnlyForDeploymentPostprocessing = 0;
		};
		7F9B0317195E2653005ECBA0 /* Frameworks */ = {
			isa = PBXFrameworksBuildPhase;
			buildActionMask = 2147483647;
			files = (
				7F9B031C195E2653005ECBA0 /* XCTest.framework in Frameworks */,
				7F9B031E195E2653005ECBA0 /* UIKit.framework in Frameworks */,
				7F9B031D195E2653005ECBA0 /* Foundation.framework in Frameworks */,
			);
			runOnlyForDeploymentPostprocessing = 0;
		};
/* End PBXFrameworksBuildPhase section */

/* Begin PBXGroup section */
		7F9B02F0195E2653005ECBA0 = {
			isa = PBXGroup;
			children = (
				7F9B0302195E2653005ECBA0 /* TouchExample */,
				7F9B0321195E2653005ECBA0 /* TouchExampleTests */,
				7F9B02FB195E2653005ECBA0 /* Frameworks */,
				7F9B02FA195E2653005ECBA0 /* Products */,
			);
			sourceTree = "<group>";
		};
		7F9B02FA195E2653005ECBA0 /* Products */ = {
			isa = PBXGroup;
			children = (
				7F9B02F9195E2653005ECBA0 /* TouchExample.app */,
				7F9B031A195E2653005ECBA0 /* TouchExampleTests.xctest */,
			);
			name = Products;
			sourceTree = "<group>";
		};
		7F9B02FB195E2653005ECBA0 /* Frameworks */ = {
			isa = PBXGroup;
			children = (
				7F9B02FC195E2653005ECBA0 /* Foundation.framework */,
				7F9B02FE195E2653005ECBA0 /* CoreGraphics.framework */,
				7F9B0300195E2653005ECBA0 /* UIKit.framework */,
				7F9B031B195E2653005ECBA0 /* XCTest.framework */,
			);
			name = Frameworks;
			sourceTree = "<group>";
		};
		7F9B0302195E2653005ECBA0 /* TouchExample */ = {
			isa = PBXGroup;
			children = (
				7F9B030B195E2653005ECBA0 /* BananaAppDelegate.h */,
				7F9B030C195E2653005ECBA0 /* BananaAppDelegate.m */,
				7F9B030E195E2653005ECBA0 /* Main.storyboard */,
				7F9B0311195E2653005ECBA0 /* BananaViewController.h */,
				7F9B0312195E2653005ECBA0 /* BananaViewController.m */,
				7F9B0314195E2653005ECBA0 /* Images.xcassets */,
				7F9B0303195E2653005ECBA0 /* Supporting Files */,
			);
			path = TouchExample;
			sourceTree = "<group>";
		};
		7F9B0303195E2653005ECBA0 /* Supporting Files */ = {
			isa = PBXGroup;
			children = (
				7F9B0304195E2653005ECBA0 /* TouchExample-Info.plist */,
				7F9B0305195E2653005ECBA0 /* InfoPlist.strings */,
				7F9B0308195E2653005ECBA0 /* main.m */,
				7F9B030A195E2653005ECBA0 /* TouchExample-Prefix.pch */,
			);
			name = "Supporting Files";
			sourceTree = "<group>";
		};
		7F9B0321195E2653005ECBA0 /* TouchExampleTests */ = {
			isa = PBXGroup;
			children = (
				7F9B0327195E2653005ECBA0 /* TouchExampleTests.m */,
				7F9B0322195E2653005ECBA0 /* Supporting Files */,
			);
			path = TouchExampleTests;
			sourceTree = "<group>";
		};
		7F9B0322195E2653005ECBA0 /* Supporting Files */ = {
			isa = PBXGroup;
			children = (
				7F9B0323195E2653005ECBA0 /* TouchExampleTests-Info.plist */,
				7F9B0324195E2653005ECBA0 /* InfoPlist.strings */,
			);
			name = "Supporting Files";
			sourceTree = "<group>";
		};
/* End PBXGroup section */

/* Begin PBXNativeTarget section */
		7F9B02F8195E2653005ECBA0 /* TouchExample */ = {
			isa = PBXNativeTarget;
			buildConfigurationList = 7F9B032B195E2653005ECBA0 /* Build configuration list for PBXNativeTarget "TouchExample" */;
			buildPhases = (
				7F9B02F5195E2653005ECBA0 /* Sources */,
				7F9B02F6195E2653005ECBA0 /* Frameworks */,
				7F9B02F7195E2653005ECBA0 /* Resources */,
			);
			buildRules = (
			);
			dependencies = (
			);
			name = TouchExample;
			productName = TouchExample;
			productReference = 7F9B02F9195E2653005ECBA0 /* TouchExample.app */;
			productType = "com.apple.product-type.application";
		};
		7F9B0319195E2653005ECBA0 /* TouchExampleTests */ = {
			isa = PBXNativeTarget;
			buildConfigurationList = 7F9B032E195E2653005ECBA0 /* Build configuration list for PBXNativeTarget "TouchExampleTests" */;
			buildPhases = (
				7F9B0316195E2653005ECBA0 /* Sources */,
				7F9B0317195E2653005ECBA0 /* Frameworks */,
				7F9B0318195E2653005ECBA0 /* Resources */,
			);
			buildRules = (
			);
			dependencies = (
				7F9B0320195E2653005ECBA0 /* PBXTargetDependency */,
			);
			name = TouchExampleTests;
			productName = TouchExampleTests;
			productReference = 7F9B031A195E2653005ECBA0 /* TouchExampleTests.xctest */;
			productType = "com.apple.product-type.bundle.unit-test";
		};
/* End PBXNativeTarget section */

/* Begin PBXProject section */
		7F9B02F1195E2653005ECBA0 /* Project object */ = {
			isa = PBXProject;
			attributes = {
				CLASSPREFIX = Banana;
				LastUpgradeCheck = 0510;
				ORGANIZATIONNAME = Banana;
				TargetAttributes = {
					7F9B0319195E2653005ECBA0 = {
						TestTargetID = 7F9B02F8195E2653005ECBA0;
					};
				};
			};
			buildConfigurationList = 7F9B02F4195E2653005ECBA0 /* Build configuration list for PBXProject "TouchExample" */;
			compatibilityVersion = "Xcode 3.2";
			developmentRegion = English;
			hasScannedForEncodings = 0;
			knownRegions = (
				en,
				Base,
			);
			mainGroup = 7F9B02F0195E2653005ECBA0;
			productRefGroup = 7F9B02FA195E2653005ECBA0 /* Products */;
			projectDirPath = "";
			projectRoot = "";
			targets = (
				7F9B02F8195E2653005ECBA0 /* TouchExample */,
				7F9B0319195E2653005ECBA0 /* TouchExampleTests */,
			);
		};
/* End PBXProject section */

/* Begin PBXResourcesBuildPhase section */
		7F9B02F7195E2653005ECBA0 /* Resources */ = {
			isa = PBXResourcesBuildPhase;
			buildActionMask = 2147483647;
			files = (
				7F9B0315195E2653005ECBA0 /* Images.xcassets in Resources */,
				7F9B0307195E2653005ECBA0 /* InfoPlist.strings in Resources */,
				7F9B0310195E2653005ECBA0 /* Main.storyboard in Resources */,
			);
			runOnlyForDeploymentPostprocessing = 0;
		};
		7F9B0318195E2653005ECBA0 /* Resources */ = {
			isa = PBXResourcesBuildPhase;
			buildActionMask = 2147483647;
			files = (
				7F9B0326195E2653005ECBA0 /* InfoPlist.strings in Resources */,
			);
			runOnlyForDeploymentPostprocessing = 0;
		};
/* End PBXResourcesBuildPhase section */

/* Begin PBXSourcesBuildPhase section */
		7F9B02F5195E2653005ECBA0 /* Sources */ = {
			isa = PBXSourcesBuildPhase;
			buildActionMask = 2147483647;
			files = (
				7F9B0313195E2653005ECBA0 /* BananaViewController.m in Sources */,
				7F9B0309195E2653005ECBA0 /* main.m in Sources */,
				7F9B030D195E2653005ECBA0 /* BananaAppDelegate.m in Sources */,
			);
			runOnlyForDeploymentPostprocessing = 0;
		};
		7F9B0316195E2653005ECBA0 /* Sources */ = {
			isa = PBXSourcesBuildPhase;
			buildActionMask = 2147483647;
			files = (
				7F9B0328195E2653005ECBA0 /* TouchExampleTests.m in Sources */,
			);
			runOnlyForDeploymentPostprocessing = 0;
		};
/* End PBXSourcesBuildPhase section */

/* Begin PBXTargetDependency section */
		7F9B0320195E2653005ECBA0 /* PBXTargetDependency */ = {
			isa = PBXTargetDependency;
			target = 7F9B02F8195E2653005ECBA0 /* TouchExample */;
			targetProxy = 7F9B031F195E2653005ECBA0 /* PBXContainerItemProxy */;
		};
/* End PBXTargetDependency section */

/* Begin PBXVariantGroup section */
		7F9B0305195E2653005ECBA0 /* InfoPlist.strings */ = {
			isa = PBXVariantGroup;
			children = (
				7F9B0306195E2653005ECBA0 /* en */,
			);
			name = InfoPlist.strings;
			sourceTree = "<group>";
		};
		7F9B030E195E2653005ECBA0 /* Main.storyboard */ = {
			isa = PBXVariantGroup;
			children = (
				7F9B030F195E2653005ECBA0 /* Base */,
			);
			name = Main.storyboard;
			sourceTree = "<group>";
		};
		7F9B0324195E2653005ECBA0 /* InfoPlist.strings */ = {
			isa = PBXVariantGroup;
			children = (
				7F9B0325195E2653005ECBA0 /* en */,
			);
			name = InfoPlist.strings;
			sourceTree = "<group>";
		};
/* End PBXVariantGroup section */

/* Begin XCBuildConfiguration section */
		7F9B0329195E2653005ECBA0 /* Debug */ = {
			isa = XCBuildConfiguration;
			buildSettings = {
				ALWAYS_SEARCH_USER_PATHS = NO;
				CLANG_CXX_LANGUAGE_STANDARD = "gnu++0x";
				CLANG_CXX_LIBRARY = "libc++";
				CLANG_ENABLE_MODULES = YES;
				CLANG_ENABLE_OBJC_ARC = YES;
				CLANG_WARN_BOOL_CONVERSION = YES;
				CLANG_WARN_CONSTANT_CONVERSION = YES;
				CLANG_WARN_DIRECT_OBJC_ISA_USAGE = YES_ERROR;
				CLANG_WARN_EMPTY_BODY = YES;
				CLANG_WARN_ENUM_CONVERSION = YES;
				CLANG_WARN_INT_CONVERSION = YES;
				CLANG_WARN_OBJC_ROOT_CLASS = YES_ERROR;
				CLANG_WARN__DUPLICATE_METHOD_MATCH = YES;
				"CODE_SIGN_IDENTITY[sdk=iphoneos*]" = "iPhone Developer";
				COPY_PHASE_STRIP = NO;
				GCC_C_LANGUAGE_STANDARD = gnu99;
				GCC_DYNAMIC_NO_PIC = NO;
				GCC_OPTIMIZATION_LEVEL = 0;
				GCC_PREPROCESSOR_DEFINITIONS = (
					"DEBUG=1",
					"$(inherited)",
				);
				GCC_SYMBOLS_PRIVATE_EXTERN = NO;
				GCC_WARN_64_TO_32_BIT_CONVERSION = YES;
				GCC_WARN_ABOUT_RETURN_TYPE = YES_ERROR;
				GCC_WARN_UNDECLARED_SELECTOR = YES;
				GCC_WARN_UNINITIALIZED_AUTOS = YES_AGGRESSIVE;
				GCC_WARN_UNUSED_FUNCTION = YES;
				GCC_WARN_UNUSED_VARIABLE = YES;
				IPHONEOS_DEPLOYMENT_TARGET = 7.1;
				ONLY_ACTIVE_ARCH = YES;
				SDKROOT = iphoneos;
			};
			name = Debug;
		};
		7F9B032A195E2653005ECBA0 /* Release */ = {
			isa = XCBuildConfiguration;
			buildSettings = {
				ALWAYS_SEARCH_USER_PATHS = NO;
				CLANG_CXX_LANGUAGE_STANDARD = "gnu++0x";
				CLANG_CXX_LIBRARY = "libc++";
				CLANG_ENABLE_MODULES = YES;
				CLANG_ENABLE_OBJC_ARC = YES;
				CLANG_WARN_BOOL_CONVERSION = YES;
				CLANG_WARN_CONSTANT_CONVERSION = YES;
				CLANG_WARN_DIRECT_OBJC_ISA_USAGE = YES_ERROR;
				CLANG_WARN_EMPTY_BODY = YES;
				CLANG_WARN_ENUM_CONVERSION = YES;
				CLANG_WARN_INT_CONVERSION = YES;
				CLANG_WARN_OBJC_ROOT_CLASS = YES_ERROR;
				CLANG_WARN__DUPLICATE_METHOD_MATCH = YES;
				"CODE_SIGN_IDENTITY[sdk=iphoneos*]" = "iPhone Developer";
				COPY_PHASE_STRIP = YES;
				ENABLE_NS_ASSERTIONS = NO;
				GCC_C_LANGUAGE_STANDARD = gnu99;
				GCC_WARN_64_TO_32_BIT_CONVERSION = YES;
				GCC_WARN_ABOUT_RETURN_TYPE = YES_ERROR;
				GCC_WARN_UNDECLARED_SELECTOR = YES;
				GCC_WARN_UNINITIALIZED_AUTOS = YES_AGGRESSIVE;
				GCC_WARN_UNUSED_FUNCTION = YES;
				GCC_WARN_UNUSED_VARIABLE = YES;
				IPHONEOS_DEPLOYMENT_TARGET = 7.1;
				SDKROOT = iphoneos;
				VALIDATE_PRODUCT = YES;
			};
			name = Release;
		};
		7F9B032C195E2653005ECBA0 /* Debug */ = {
			isa = XCBuildConfiguration;
			buildSettings = {
				ASSETCATALOG_COMPILER_APPICON_NAME = AppIcon;
				ASSETCATALOG_COMPILER_LAUNCHIMAGE_NAME = LaunchImage;
				GCC_PRECOMPILE_PREFIX_HEADER = YES;
				GCC_PREFIX_HEADER = "TouchExample/TouchExample-Prefix.pch";
				INFOPLIST_FILE = "TouchExample/TouchExample-Info.plist";
				PRODUCT_NAME = "$(TARGET_NAME)";
				WRAPPER_EXTENSION = app;
			};
			name = Debug;
		};
		7F9B032D195E2653005ECBA0 /* Release */ = {
			isa = XCBuildConfiguration;
			buildSettings = {
				ASSETCATALOG_COMPILER_APPICON_NAME = AppIcon;
				ASSETCATALOG_COMPILER_LAUNCHIMAGE_NAME = LaunchImage;
				GCC_PRECOMPILE_PREFIX_HEADER = YES;
				GCC_PREFIX_HEADER = "TouchExample/TouchExample-Prefix.pch";
				INFOPLIST_FILE = "TouchExample/TouchExample-Info.plist";
				PRODUCT_NAME = "$(TARGET_NAME)";
				WRAPPER_EXTENSION = app;
			};
			name = Release;
		};
		7F9B032F195E2653005ECBA0 /* Debug */ = {
			isa = XCBuildConfiguration;
			buildSettings = {
				BUNDLE_LOADER = "$(BUILT_PRODUCTS_DIR)/TouchExample.app/TouchExample";
				FRAMEWORK_SEARCH_PATHS = (
					"$(SDKROOT)/Developer/Library/Frameworks",
					"$(inherited)",
					"$(DEVELOPER_FRAMEWORKS_DIR)",
				);
				GCC_PRECOMPILE_PREFIX_HEADER = YES;
				GCC_PREFIX_HEADER = "TouchExample/TouchExample-Prefix.pch";
				GCC_PREPROCESSOR_DEFINITIONS = (
					"DEBUG=1",
					"$(inherited)",
				);
				INFOPLIST_FILE = "TouchExampleTests/TouchExampleTests-Info.plist";
				PRODUCT_NAME = "$(TARGET_NAME)";
				TEST_HOST = "$(BUNDLE_LOADER)";
				WRAPPER_EXTENSION = xctest;
			};
			name = Debug;
		};
		7F9B0330195E2653005ECBA0 /* Release */ = {
			isa = XCBuildConfiguration;
			buildSettings = {
				BUNDLE_LOADER = "$(BUILT_PRODUCTS_DIR)/TouchExample.app/TouchExample";
				FRAMEWORK_SEARCH_PATHS = (
					"$(SDKROOT)/Developer/Library/Frameworks",
					"$(inherited)",
					"$(DEVELOPER_FRAMEWORKS_DIR)",
				);
				GCC_PRECOMPILE_PREFIX_HEADER = YES;
				GCC_PREFIX_HEADER = "TouchExample/TouchExample-Prefix.pch";
				INFOPLIST_FILE = "TouchExampleTests/TouchExampleTests-Info.plist";
				PRODUCT_NAME = "$(TARGET_NAME)";
				TEST_HOST = "$(BUNDLE_LOADER)";
				WRAPPER_EXTENSION = xctest;
			};
			name = Release;
		};
/* End XCBuildConfiguration section */

/* Begin XCConfigurationList section */
		7F9B02F4195E2653005ECBA0 /* Build configuration list for PBXProject "TouchExample" */ = {
			isa = XCConfigurationList;
			buildConfigurations = (
				7F9B0329195E2653005ECBA0 /* Debug */,
				7F9B032A195E2653005ECBA0 /* Release */,
			);
			defaultConfigurationIsVisible = 0;
			defaultConfigurationName = Release;
		};
		7F9B032B195E2653005ECBA0 /* Build configuration list for PBXNativeTarget "TouchExample" */ = {
			isa = XCConfigurationList;
			buildConfigurations = (
				7F9B032C195E2653005ECBA0 /* Debug */,
				7F9B032D195E2653005ECBA0 /* Release */,
			);
			defaultConfigurationIsVisible = 0;
		};
		7F9B032E195E2653005ECBA0 /* Build configuration list for PBXNativeTarget "TouchExampleTests" */ = {
			isa = XCConfigurationList;
			buildConfigurations = (
				7F9B032F195E2653005ECBA0 /* Debug */,
				7F9B0330195E2653005ECBA0 /* Release */,
			);
			defaultConfigurationIsVisible = 0;
		};
/* End XCConfigurationList section */
	};
	rootObject = 7F9B02F1195E2653005ECBA0 /* Project object */;
}
